
Microsoft Visual Studio Solution File, Format Version 12.00
# Visual Studio Version 18
VisualStudioVersion = 18.5.11723.231 stable
MinimumVisualStudioVersion = 10.0.40219.1
Project("{8BC9CEB8-8B4A-11D0-8D11-00A0C91BC942}") = "SunkenCamera.Android", "SunkenCamera.Android.vcxproj", "{5B8AF38E-D69E-4BDA-BC73-43511334AD7A}"
EndProject
Project("{8BC9CEB8-8B4A-11D0-8D11-00A0C91BC942}") = "SunkenCamera.iOS", "SunkenCamera.iOS.vcxproj", "{841E346F-8696-4456-B90D-9DD41ABDCCD6}"
EndProject
Project("{8BC9CEB8-8B4A-11D0-8D11-00A0C91BC942}") = "SunkenCamera.Mac", "SunkenCamera.Mac.vcxproj", "{627C3685-2CBD-4B5D-8946-1CC806B3B723}"
EndProject
Project("{8BC9CEB8-8B4A-11D0-8D11-00A0C91BC942}") = "SunkenCamera.Shared", "SunkenCamera.Shared.vcxitems", "{AFD6989E-3B02-452D-A855-2F28B4B502A6}"
EndProject
Project("{8BC9CEB8-8B4A-11D0-8D11-00A0C91BC942}") = "SunkenCamera.Windows", "SunkenCamera.Windows.vcxproj", "{B31CCF38-91A5-4C6E-9E13-BCA9FB86385C}"
EndProject
Global
	GlobalSection(SolutionConfigurationPlatforms) = preSolution
		Debug Unicode|ARM = Debug Unicode|ARM
		Debug Unicode|ARM64 = Debug Unicode|ARM64
		Debug Unicode|x64 = Debug Unicode|x64
		Debug Unicode|x86 = Debug Unicode|x86
		Debug|ARM = Debug|ARM
		Debug|ARM64 = Debug|ARM64
		Debug|x64 = Debug|x64
		Debug|x86 = Debug|x86
		Edittime Unicode|ARM = Edittime Unicode|ARM
		Edittime Unicode|ARM64 = Edittime Unicode|ARM64
		Edittime Unicode|x64 = Edittime Unicode|x64
		Edittime Unicode|x86 = Edittime Unicode|x86
		Edittime|ARM = Edittime|ARM
		Edittime|ARM64 = Edittime|ARM64
		Edittime|x64 = Edittime|x64
		Edittime|x86 = Edittime|x86
		Runtime Unicode|ARM = Runtime Unicode|ARM
		Runtime Unicode|ARM64 = Runtime Unicode|ARM64
		Runtime Unicode|x64 = Runtime Unicode|x64
		Runtime Unicode|x86 = Runtime Unicode|x86
		Runtime|ARM = Runtime|ARM
		Runtime|ARM64 = Runtime|ARM64
		Runtime|x64 = Runtime|x64
		Runtime|x86 = Runtime|x86
	EndGlobalSection
	GlobalSection(ProjectConfigurationPlatforms) = postSolution
		{5B8AF38E-D69E-4BDA-BC73-43511334AD7A}.Debug Unicode|ARM.ActiveCfg = Debug|ARM
		{5B8AF38E-D69E-4BDA-BC73-43511334AD7A}.Debug Unicode|ARM.Build.0 = Debug|ARM
		{5B8AF38E-D69E-4BDA-BC73-43511334AD7A}.Debug Unicode|ARM64.ActiveCfg = Debug|ARM64
		{5B8AF38E-D69E-4BDA-BC73-43511334AD7A}.Debug Unicode|ARM64.Build.0 = Debug|ARM64
		{5B8AF38E-D69E-4BDA-BC73-43511334AD7A}.Debug Unicode|x64.ActiveCfg = Debug|x64
		{5B8AF38E-D69E-4BDA-BC73-43511334AD7A}.Debug Unicode|x64.Build.0 = Debug|x64
		{5B8AF38E-D69E-4BDA-BC73-43511334AD7A}.Debug Unicode|x86.ActiveCfg = Debug|x86
		{5B8AF38E-D69E-4BDA-BC73-43511334AD7A}.Debug Unicode|x86.Build.0 = Debug|x86
		{5B8AF38E-D69E-4BDA-BC73-43511334AD7A}.Debug|ARM.ActiveCfg = Debug|ARM
		{5B8AF38E-D69E-4BDA-BC73-43511334AD7A}.Debug|ARM.Build.0 = Debug|ARM
		{5B8AF38E-D69E-4BDA-BC73-43511334AD7A}.Debug|ARM64.ActiveCfg = Debug|ARM64
		{5B8AF38E-D69E-4BDA-BC73-43511334AD7A}.Debug|ARM64.Build.0 = Debug|ARM64
		{5B8AF38E-D69E-4BDA-BC73-43511334AD7A}.Debug|x64.ActiveCfg = Debug|x64
		{5B8AF38E-D69E-4BDA-BC73-43511334AD7A}.Debug|x64.Build.0 = Debug|x64
		{5B8AF38E-D69E-4BDA-BC73-43511334AD7A}.Debug|x86.ActiveCfg = Debug|x86
		{5B8AF38E-D69E-4BDA-BC73-43511334AD7A}.Debug|x86.Build.0 = Debug|x86
		{5B8AF38E-D69E-4BDA-BC73-43511334AD7A}.Edittime Unicode|ARM.ActiveCfg = Runtime|ARM
		{5B8AF38E-D69E-4BDA-BC73-43511334AD7A}.Edittime Unicode|ARM64.ActiveCfg = Runtime|ARM64
		{5B8AF38E-D69E-4BDA-BC73-43511334AD7A}.Edittime Unicode|x64.ActiveCfg = Runtime|x64
		{5B8AF38E-D69E-4BDA-BC73-43511334AD7A}.Edittime Unicode|x86.ActiveCfg = Runtime|x86
		{5B8AF38E-D69E-4BDA-BC73-43511334AD7A}.Edittime|ARM.ActiveCfg = Runtime|ARM
		{5B8AF38E-D69E-4BDA-BC73-43511334AD7A}.Edittime|ARM64.ActiveCfg = Runtime|ARM64
		{5B8AF38E-D69E-4BDA-BC73-43511334AD7A}.Edittime|x64.ActiveCfg = Runtime|x64
		{5B8AF38E-D69E-4BDA-BC73-43511334AD7A}.Edittime|x86.ActiveCfg = Runtime|x86
		{5B8AF38E-D69E-4BDA-BC73-43511334AD7A}.Runtime Unicode|ARM.ActiveCfg = Runtime|ARM
		{5B8AF38E-D69E-4BDA-BC73-43511334AD7A}.Runtime Unicode|ARM.Build.0 = Runtime|ARM
		{5B8AF38E-D69E-4BDA-BC73-43511334AD7A}.Runtime Unicode|ARM64.ActiveCfg = Runtime|ARM64
		{5B8AF38E-D69E-4BDA-BC73-43511334AD7A}.Runtime Unicode|ARM64.Build.0 = Runtime|ARM64
		{5B8AF38E-D69E-4BDA-BC73-43511334AD7A}.Runtime Unicode|x64.ActiveCfg = Runtime|x64
		{5B8AF38E-D69E-4BDA-BC73-43511334AD7A}.Runtime Unicode|x64.Build.0 = Runtime|x64
		{5B8AF38E-D69E-4BDA-BC73-43511334AD7A}.Runtime Unicode|x86.ActiveCfg = Runtime|x86
		{5B8AF38E-D69E-4BDA-BC73-43511334AD7A}.Runtime Unicode|x86.Build.0 = Runtime|x86
		{5B8AF38E-D69E-4BDA-BC73-43511334AD7A}.Runtime|ARM.ActiveCfg = Runtime|ARM
		{5B8AF38E-D69E-4BDA-BC73-43511334AD7A}.Runtime|ARM.Build.0 = Runtime|ARM
		{5B8AF38E-D69E-4BDA-BC73-43511334AD7A}.Runtime|ARM64.ActiveCfg = Runtime|ARM64
		{5B8AF38E-D69E-4BDA-BC73-43511334AD7A}.Runtime|ARM64.Build.0 = Runtime|ARM64
		{5B8AF38E-D69E-4BDA-BC73-43511334AD7A}.Runtime|x64.ActiveCfg = Runtime|x64
		{5B8AF38E-D69E-4BDA-BC73-43511334AD7A}.Runtime|x64.Build.0 = Runtime|x64
		{5B8AF38E-D69E-4BDA-BC73-43511334AD7A}.Runtime|x86.ActiveCfg = Runtime|x86
		{5B8AF38E-D69E-4BDA-BC73-43511334AD7A}.Runtime|x86.Build.0 = Runtime|x86
		{841E346F-8696-4456-B90D-9DD41ABDCCD6}.Debug Unicode|ARM.ActiveCfg = Debug|ARM
		{841E346F-8696-4456-B90D-9DD41ABDCCD6}.Debug Unicode|ARM.Build.0 = Debug|ARM
		{841E346F-8696-4456-B90D-9DD41ABDCCD6}.Debug Unicode|ARM64.ActiveCfg = Debug|ARM64
		{841E346F-8696-4456-B90D-9DD41ABDCCD6}.Debug Unicode|ARM64.Build.0 = Debug|ARM64
		{841E346F-8696-4456-B90D-9DD41ABDCCD6}.Debug Unicode|x64.ActiveCfg = Debug|x64
		{841E346F-8696-4456-B90D-9DD41ABDCCD6}.Debug Unicode|x64.Build.0 = Debug|x64
		{841E346F-8696-4456-B90D-9DD41ABDCCD6}.Debug Unicode|x86.ActiveCfg = Debug|x86
		{841E346F-8696-4456-B90D-9DD41ABDCCD6}.Debug Unicode|x86.Build.0 = Debug|x86
		{841E346F-8696-4456-B90D-9DD41ABDCCD6}.Debug|ARM.ActiveCfg = Debug|ARM
		{841E346F-8696-4456-B90D-9DD41ABDCCD6}.Debug|ARM.Build.0 = Debug|ARM
		{841E346F-8696-4456-B90D-9DD41ABDCCD6}.Debug|ARM64.ActiveCfg = Debug|ARM64
		{841E346F-8696-4456-B90D-9DD41ABDCCD6}.Debug|ARM64.Build.0 = Debug|ARM64
		{841E346F-8696-4456-B90D-9DD41ABDCCD6}.Debug|x64.ActiveCfg = Debug|x64
		{841E346F-8696-4456-B90D-9DD41ABDCCD6}.Debug|x64.Build.0 = Debug|x64
		{841E346F-8696-4456-B90D-9DD41ABDCCD6}.Debug|x86.ActiveCfg = Debug|x86
		{841E346F-8696-4456-B90D-9DD41ABDCCD6}.Debug|x86.Build.0 = Debug|x86
		{841E346F-8696-4456-B90D-9DD41ABDCCD6}.Edittime Unicode|ARM.ActiveCfg = Runtime|ARM
		{841E346F-8696-4456-B90D-9DD41ABDCCD6}.Edittime Unicode|ARM64.ActiveCfg = Runtime|ARM64
		{841E346F-8696-4456-B90D-9DD41ABDCCD6}.Edittime Unicode|x64.ActiveCfg = Runtime|x64
		{841E346F-8696-4456-B90D-9DD41ABDCCD6}.Edittime Unicode|x86.ActiveCfg = Runtime|x86
		{841E346F-8696-4456-B90D-9DD41ABDCCD6}.Edittime|ARM.ActiveCfg = Runtime|ARM
		{841E346F-8696-4456-B90D-9DD41ABDCCD6}.Edittime|ARM64.ActiveCfg = Runtime|ARM64
		{841E346F-8696-4456-B90D-9DD41ABDCCD6}.Edittime|x64.ActiveCfg = Runtime|x64
		{841E346F-8696-4456-B90D-9DD41ABDCCD6}.Edittime|x86.ActiveCfg = Runtime|x86
		{841E346F-8696-4456-B90D-9DD41ABDCCD6}.Runtime Unicode|ARM.ActiveCfg = Runtime|ARM
		{841E346F-8696-4456-B90D-9DD41ABDCCD6}.Runtime Unicode|ARM.Build.0 = Runtime|ARM
		{841E346F-8696-4456-B90D-9DD41ABDCCD6}.Runtime Unicode|ARM64.ActiveCfg = Runtime|ARM64
		{841E346F-8696-4456-B90D-9DD41ABDCCD6}.Runtime Unicode|ARM64.Build.0 = Runtime|ARM64
		{841E346F-8696-4456-B90D-9DD41ABDCCD6}.Runtime Unicode|x64.ActiveCfg = Runtime|x64
		{841E346F-8696-4456-B90D-9DD41ABDCCD6}.Runtime Unicode|x64.Build.0 = Runtime|x64
		{841E346F-8696-4456-B90D-9DD41ABDCCD6}.Runtime Unicode|x86.ActiveCfg = Runtime|x86
		{841E346F-8696-4456-B90D-9DD41ABDCCD6}.Runtime Unicode|x86.Build.0 = Runtime|x86
		{841E346F-8696-4456-B90D-9DD41ABDCCD6}.Runtime|ARM.ActiveCfg = Runtime|ARM
		{841E346F-8696-4456-B90D-9DD41ABDCCD6}.Runtime|ARM.Build.0 = Runtime|ARM
		{841E346F-8696-4456-B90D-9DD41ABDCCD6}.Runtime|ARM64.ActiveCfg = Runtime|ARM64
		{841E346F-8696-4456-B90D-9DD41ABDCCD6}.Runtime|ARM64.Build.0 = Runtime|ARM64
		{841E346F-8696-4456-B90D-9DD41ABDCCD6}.Runtime|x64.ActiveCfg = Runtime|x64
		{841E346F-8696-4456-B90D-9DD41ABDCCD6}.Runtime|x64.Build.0 = Runtime|x64
		{841E346F-8696-4456-B90D-9DD41ABDCCD6}.Runtime|x86.ActiveCfg = Runtime|x86
		{841E346F-8696-4456-B90D-9DD41ABDCCD6}.Runtime|x86.Build.0 = Runtime|x86
		{627C3685-2CBD-4B5D-8946-1CC806B3B723}.Debug Unicode|ARM.ActiveCfg = Debug|ARM64
		{627C3685-2CBD-4B5D-8946-1CC806B3B723}.Debug Unicode|ARM64.ActiveCfg = Debug|ARM64
		{627C3685-2CBD-4B5D-8946-1CC806B3B723}.Debug Unicode|ARM64.Build.0 = Debug|ARM64
		{627C3685-2CBD-4B5D-8946-1CC806B3B723}.Debug Unicode|x64.ActiveCfg = Debug|x64
		{627C3685-2CBD-4B5D-8946-1CC806B3B723}.Debug Unicode|x64.Build.0 = Debug|x64
		{627C3685-2CBD-4B5D-8946-1CC806B3B723}.Debug Unicode|x86.ActiveCfg = Debug|ARM64
		{627C3685-2CBD-4B5D-8946-1CC806B3B723}.Debug|ARM.ActiveCfg = Debug|ARM64
		{627C3685-2CBD-4B5D-8946-1CC806B3B723}.Debug|ARM64.ActiveCfg = Debug|ARM64
		{627C3685-2CBD-4B5D-8946-1CC806B3B723}.Debug|ARM64.Build.0 = Debug|ARM64
		{627C3685-2CBD-4B5D-8946-1CC806B3B723}.Debug|x64.ActiveCfg = Debug|x64
		{627C3685-2CBD-4B5D-8946-1CC806B3B723}.Debug|x64.Build.0 = Debug|x64
		{627C3685-2CBD-4B5D-8946-1CC806B3B723}.Debug|x86.ActiveCfg = Debug|ARM64
		{627C3685-2CBD-4B5D-8946-1CC806B3B723}.Edittime Unicode|ARM.ActiveCfg = Runtime|ARM64
		{627C3685-2CBD-4B5D-8946-1CC806B3B723}.Edittime Unicode|ARM64.ActiveCfg = Runtime|ARM64
		{627C3685-2CBD-4B5D-8946-1CC806B3B723}.Edittime Unicode|x64.ActiveCfg = Runtime|x64
		{627C3685-2CBD-4B5D-8946-1CC806B3B723}.Edittime Unicode|x86.ActiveCfg = Runtime|ARM64
		{627C3685-2CBD-4B5D-8946-1CC806B3B723}.Edittime|ARM.ActiveCfg = Runtime|ARM64
		{627C3685-2CBD-4B5D-8946-1CC806B3B723}.Edittime|ARM64.ActiveCfg = Runtime|ARM64
		{627C3685-2CBD-4B5D-8946-1CC806B3B723}.Edittime|x64.ActiveCfg = Runtime|x64
		{627C3685-2CBD-4B5D-8946-1CC806B3B723}.Edittime|x86.ActiveCfg = Runtime|ARM64
		{627C3685-2CBD-4B5D-8946-1CC806B3B723}.Runtime Unicode|ARM.ActiveCfg = Runtime|ARM64
		{627C3685-2CBD-4B5D-8946-1CC806B3B723}.Runtime Unicode|ARM64.ActiveCfg = Runtime|ARM64
		{627C3685-2CBD-4B5D-8946-1CC806B3B723}.Runtime Unicode|ARM64.Build.0 = Runtime|ARM64
		{627C3685-2CBD-4B5D-8946-1CC806B3B723}.Runtime Unicode|x64.ActiveCfg = Runtime|x64
		{627C3685-2CBD-4B5D-8946-1CC806B3B723}.Runtime Unicode|x64.Build.0 = Runtime|x64
		{627C3685-2CBD-4B5D-8946-1CC806B3B723}.Runtime Unicode|x86.ActiveCfg = Runtime|ARM64
		{627C3685-2CBD-4B5D-8946-1CC806B3B723}.Runtime|ARM.ActiveCfg = Runtime|ARM64
		{627C3685-2CBD-4B5D-8946-1CC806B3B723}.Runtime|ARM64.ActiveCfg = Runtime|ARM64
		{627C3685-2CBD-4B5D-8946-1CC806B3B723}.Runtime|ARM64.Build.0 = Runtime|ARM64
		{627C3685-2CBD-4B5D-8946-1CC806B3B723}.Runtime|x64.ActiveCfg = Runtime|x64
		{627C3685-2CBD-4B5D-8946-1CC806B3B723}.Runtime|x64.Build.0 = Runtime|x64
		{627C3685-2CBD-4B5D-8946-1CC806B3B723}.Runtime|x86.ActiveCfg = Runtime|ARM64
		{B31CCF38-91A5-4C6E-9E13-BCA9FB86385C}.Debug Unicode|ARM.ActiveCfg = Debug Unicode|Win32
		{B31CCF38-91A5-4C6E-9E13-BCA9FB86385C}.Debug Unicode|ARM64.ActiveCfg = Debug Unicode|Win32
		{B31CCF38-91A5-4C6E-9E13-BCA9FB86385C}.Debug Unicode|x64.ActiveCfg = Debug Unicode|Win32
		{B31CCF38-91A5-4C6E-9E13-BCA9FB86385C}.Debug Unicode|x86.ActiveCfg = Debug Unicode|Win32
		{B31CCF38-91A5-4C6E-9E13-BCA9FB86385C}.Debug Unicode|x86.Build.0 = Debug Unicode|Win32
		{B31CCF38-91A5-4C6E-9E13-BCA9FB86385C}.Debug|ARM.ActiveCfg = Debug|Win32
		{B31CCF38-91A5-4C6E-9E13-BCA9FB86385C}.Debug|ARM64.ActiveCfg = Debug|Win32
		{B31CCF38-91A5-4C6E-9E13-BCA9FB86385C}.Debug|x64.ActiveCfg = Debug|Win32
		{B31CCF38-91A5-4C6E-9E13-BCA9FB86385C}.Debug|x86.ActiveCfg = Debug|Win32
		{B31CCF38-91A5-4C6E-9E13-BCA9FB86385C}.Debug|x86.Build.0 = Debug|Win32
		{B31CCF38-91A5-4C6E-9E13-BCA9FB86385C}.Edittime Unicode|ARM.ActiveCfg = Edittime Unicode|Win32
		{B31CCF38-91A5-4C6E-9E13-BCA9FB86385C}.Edittime Unicode|ARM64.ActiveCfg = Edittime Unicode|Win32
		{B31CCF38-91A5-4C6E-9E13-BCA9FB86385C}.Edittime Unicode|x64.ActiveCfg = Edittime Unicode|Win32
		{B31CCF38-91A5-4C6E-9E13-BCA9FB86385C}.Edittime Unicode|x86.ActiveCfg = Edittime Unicode|Win32
		{B31CCF38-91A5-4C6E-9E13-BCA9FB86385C}.Edittime Unicode|x86.Build.0 = Edittime Unicode|Win32
		{B31CCF38-91A5-4C6E-9E13-BCA9FB86385C}.Edittime|ARM.ActiveCfg = Edittime|Win32
		{B31CCF38-91A5-4C6E-9E13-BCA9FB86385C}.Edittime|ARM64.ActiveCfg = Edittime|Win32
		{B31CCF38-91A5-4C6E-9E13-BCA9FB86385C}.Edittime|x64.ActiveCfg = Edittime|Win32
		{B31CCF38-91A5-4C6E-9E13-BCA9FB86385C}.Edittime|x86.ActiveCfg = Edittime|Win32
		{B31CCF38-91A5-4C6E-9E13-BCA9FB86385C}.Edittime|x86.Build.0 = Edittime|Win32
		{B31CCF38-91A5-4C6E-9E13-BCA9FB86385C}.Runtime Unicode|ARM.ActiveCfg = Runtime Unicode|Win32
		{B31CCF38-91A5-4C6E-9E13-BCA9FB86385C}.Runtime Unicode|ARM64.ActiveCfg = Runtime Unicode|Win32
		{B31CCF38-91A5-4C6E-9E13-BCA9FB86385C}.Runtime Unicode|x64.ActiveCfg = Runtime Unicode|Win32
		{B31CCF38-91A5-4C6E-9E13-BCA9FB86385C}.Runtime Unicode|x86.ActiveCfg = Runtime Unicode|Win32
		{B31CCF38-91A5-4C6E-9E13-BCA9FB86385C}.Runtime Unicode|x86.Build.0 = Runtime Unicode|Win32
		{B31CCF38-91A5-4C6E-9E13-BCA9FB86385C}.Runtime|ARM.ActiveCfg = Runtime|Win32
		{B31CCF38-91A5-4C6E-9E13-BCA9FB86385C}.Runtime|ARM64.ActiveCfg = Runtime|Win32
		{B31CCF38-91A5-4C6E-9E13-BCA9FB86385C}.Runtime|x64.ActiveCfg = Runtime|Win32
		{B31CCF38-91A5-4C6E-9E13-BCA9FB86385C}.Runtime|x86.ActiveCfg = Runtime|Win32
		{B31CCF38-91A5-4C6E-9E13-BCA9FB86385C}.Runtime|x86.Build.0 = Runtime|Win32
	EndGlobalSection
	GlobalSection(SolutionProperties) = preSolution
		HideSolutionNode = FALSE
	EndGlobalSection
	GlobalSection(ExtensibilityGlobals) = postSolution
		SolutionGuid = {DC83F633-A94E-4C6E-96F0-EE3DB6207F96}
	EndGlobalSection
	GlobalSection(SharedMSBuildProjectFiles) = preSolution
		SunkenCamera.Shared.vcxitems*{5b8af38e-d69e-4bda-bc73-43511334ad7a}*SharedItemImports = 4
		SunkenCamera.Shared.vcxitems*{627c3685-2cbd-4b5d-8946-1cc806b3b723}*SharedItemImports = 4
		SunkenCamera.Shared.vcxitems*{841e346f-8696-4456-b90d-9dd41abdccd6}*SharedItemImports = 4
		SunkenCamera.Shared.vcxitems*{afd6989e-3b02-452d-a855-2f28b4b502a6}*SharedItemImports = 9
		SunkenCamera.Shared.vcxitems*{b31ccf38-91a5-4c6e-9e13-bca9fb86385c}*SharedItemImports = 4
		SunkenCamera.Shared.vcxitems*{5b8af38e-d69e-4bda-bc73-43511334ad7a}*SharedItemsImports = 4
		SunkenCamera.Shared.vcxitems*{627c3685-2cbd-4b5d-8946-1cc806b3b723}*SharedItemsImports = 4
		SunkenCamera.Shared.vcxitems*{841e346f-8696-4456-b90d-9dd41abdccd6}*SharedItemsImports = 4
		SunkenCamera.Shared.vcxitems*{afd6989e-3b02-452d-a855-2f28b4b502a6}*SharedItemsImports = 9
		SunkenCamera.Shared.vcxitems*{b31ccf38-91a5-4c6e-9e13-bca9fb86385c}*SharedItemsImports = 4
	EndGlobalSection
EndGlobal
